
Microsoft Visual Studio Solution File, Format Version 12.00
# Visual Studio Version 17
VisualStudioVersion = 17.0.31903.59
MinimumVisualStudioVersion = 10.0.40219.1
Project("{2150E333-8FDC-42A3-9474-1A3956D46DE8}") = "src", "src", "{827E0CD3-B72D-47B6-A68D-7590B98EB39B}"
EndProject
Project("{FAE04EC0-301F-11D3-BF4B-00C04F79EFBC}") = "AtlasNOC.Domain", "src\AtlasNOC.Domain\AtlasNOC.Domain.csproj", "{40026F49-234E-43D7-8A2F-1A8EB8AE0A02}"
EndProject
Project("{FAE04EC0-301F-11D3-BF4B-00C04F79EFBC}") = "AtlasNOC.Application", "src\AtlasNOC.Application\AtlasNOC.Application.csproj", "{04E0ED87-4AE0-45C8-A2CD-723A9724A77D}"
EndProject
Project("{FAE04EC0-301F-11D3-BF4B-00C04F79EFBC}") = "AtlasNOC.Infrastructure", "src\AtlasNOC.Infrastructure\AtlasNOC.Infrastructure.csproj", "{E337AB49-F317-44F5-9089-69D3BC32EEA0}"
EndProject
Project("{FAE04EC0-301F-11D3-BF4B-00C04F79EFBC}") = "AtlasNOC.Worker", "src\AtlasNOC.Worker\AtlasNOC.Worker.csproj", "{E8D446AA-8525-457D-9BBD-4ED77928DBFC}"
EndProject
Project("{FAE04EC0-301F-11D3-BF4B-00C04F79EFBC}") = "AtlasNOC.Web", "src\AtlasNOC.Web\AtlasNOC.Web.csproj", "{8C95DA00-0822-4025-848D-A023B5ED6B45}"
EndProject
Project("{2150E333-8FDC-42A3-9474-1A3956D46DE8}") = "tests", "tests", "{0AB3BF05-4346-4AA6-1389-037BE0695223}"
EndProject
Project("{FAE04EC0-301F-11D3-BF4B-00C04F79EFBC}") = "AtlasNOC.Tests.Unit", "tests\AtlasNOC.Tests.Unit\AtlasNOC.Tests.Unit.csproj", "{8B2F052A-E58C-4922-AA30-669AACE37312}"
EndProject
Project("{FAE04EC0-301F-11D3-BF4B-00C04F79EFBC}") = "AtlasNOC.Tests.Integration", "tests\AtlasNOC.Tests.Integration\AtlasNOC.Tests.Integration.csproj", "{56D94E92-9AE8-44F6-BCF5-C4D5E66AF586}"
EndProject
Project("{FAE04EC0-301F-11D3-BF4B-00C04F79EFBC}") = "AtlasNOC.Tests.Runtime", "tests\AtlasNOC.Tests.Runtime\AtlasNOC.Tests.Runtime.csproj", "{06942D58-0372-4CF9-91F9-9697428BB656}"
EndProject
Project("{FAE04EC0-301F-11D3-BF4B-00C04F79EFBC}") = "AtlasNOC.Tests.E2E", "tests\AtlasNOC.Tests.E2E\AtlasNOC.Tests.E2E.csproj", "{F98CDF07-3E16-4E9F-8E56-39BF5E23D895}"
EndProject
Global
	GlobalSection(SolutionConfigurationPlatforms) = preSolution
		Debug|Any CPU = Debug|Any CPU
		Debug|x64 = Debug|x64
		Debug|x86 = Debug|x86
		Release|Any CPU = Release|Any CPU
		Release|x64 = Release|x64
		Release|x86 = Release|x86
	EndGlobalSection
	GlobalSection(ProjectConfigurationPlatforms) = postSolution
		{40026F49-234E-43D7-8A2F-1A8EB8AE0A02}.Debug|Any CPU.ActiveCfg = Debug|Any CPU
		{40026F49-234E-43D7-8A2F-1A8EB8AE0A02}.Debug|Any CPU.Build.0 = Debug|Any CPU
		{40026F49-234E-43D7-8A2F-1A8EB8AE0A02}.Debug|x64.ActiveCfg = Debug|Any CPU
		{40026F49-234E-43D7-8A2F-1A8EB8AE0A02}.Debug|x64.Build.0 = Debug|Any CPU
		{40026F49-234E-43D7-8A2F-1A8EB8AE0A02}.Debug|x86.ActiveCfg = Debug|Any CPU
		{40026F49-234E-43D7-8A2F-1A8EB8AE0A02}.Debug|x86.Build.0 = Debug|Any CPU
		{40026F49-234E-43D7-8A2F-1A8EB8AE0A02}.Release|Any CPU.ActiveCfg = Release|Any CPU
		{40026F49-234E-43D7-8A2F-1A8EB8AE0A02}.Release|Any CPU.Build.0 = Release|Any CPU
		{40026F49-234E-43D7-8A2F-1A8EB8AE0A02}.Release|x64.ActiveCfg = Release|Any CPU
		{40026F49-234E-43D7-8A2F-1A8EB8AE0A02}.Release|x64.Build.0 = Release|Any CPU
		{40026F49-234E-43D7-8A2F-1A8EB8AE0A02}.Release|x86.ActiveCfg = Release|Any CPU
		{40026F49-234E-43D7-8A2F-1A8EB8AE0A02}.Release|x86.Build.0 = Release|Any CPU
		{04E0ED87-4AE0-45C8-A2CD-723A9724A77D}.Debug|Any CPU.ActiveCfg = Debug|Any CPU
		{04E0ED87-4AE0-45C8-A2CD-723A9724A77D}.Debug|Any CPU.Build.0 = Debug|Any CPU
		{04E0ED87-4AE0-45C8-A2CD-723A9724A77D}.Debug|x64.ActiveCfg = Debug|Any CPU
		{04E0ED87-4AE0-45C8-A2CD-723A9724A77D}.Debug|x64.Build.0 = Debug|Any CPU
		{04E0ED87-4AE0-45C8-A2CD-723A9724A77D}.Debug|x86.ActiveCfg = Debug|Any CPU
		{04E0ED87-4AE0-45C8-A2CD-723A9724A77D}.Debug|x86.Build.0 = Debug|Any CPU
		{04E0ED87-4AE0-45C8-A2CD-723A9724A77D}.Release|Any CPU.ActiveCfg = Release|Any CPU
		{04E0ED87-4AE0-45C8-A2CD-723A9724A77D}.Release|Any CPU.Build.0 = Release|Any CPU
		{04E0ED87-4AE0-45C8-A2CD-723A9724A77D}.Release|x64.ActiveCfg = Release|Any CPU
		{04E0ED87-4AE0-45C8-A2CD-723A9724A77D}.Release|x64.Build.0 = Release|Any CPU
		{04E0ED87-4AE0-45C8-A2CD-723A9724A77D}.Release|x86.ActiveCfg = Release|Any CPU
		{04E0ED87-4AE0-45C8-A2CD-723A9724A77D}.Release|x86.Build.0 = Release|Any CPU
		{E337AB49-F317-44F5-9089-69D3BC32EEA0}.Debug|Any CPU.ActiveCfg = Debug|Any CPU
		{E337AB49-F317-44F5-9089-69D3BC32EEA0}.Debug|Any CPU.Build.0 = Debug|Any CPU
		{E337AB49-F317-44F5-9089-69D3BC32EEA0}.Debug|x64.ActiveCfg = Debug|Any CPU
		{E337AB49-F317-44F5-9089-69D3BC32EEA0}.Debug|x64.Build.0 = Debug|Any CPU
		{E337AB49-F317-44F5-9089-69D3BC32EEA0}.Debug|x86.ActiveCfg = Debug|Any CPU
		{E337AB49-F317-44F5-9089-69D3BC32EEA0}.Debug|x86.Build.0 = Debug|Any CPU
		{E337AB49-F317-44F5-9089-69D3BC32EEA0}.Release|Any CPU.ActiveCfg = Release|Any CPU
		{E337AB49-F317-44F5-9089-69D3BC32EEA0}.Release|Any CPU.Build.0 = Release|Any CPU
		{E337AB49-F317-44F5-9089-69D3BC32EEA0}.Release|x64.ActiveCfg = Release|Any CPU
		{E337AB49-F317-44F5-9089-69D3BC32EEA0}.Release|x64.Build.0 = Release|Any CPU
		{E337AB49-F317-44F5-9089-69D3BC32EEA0}.Release|x86.ActiveCfg = Release|Any CPU
		{E337AB49-F317-44F5-9089-69D3BC32EEA0}.Release|x86.Build.0 = Release|Any CPU
		{E8D446AA-8525-457D-9BBD-4ED77928DBFC}.Debug|Any CPU.ActiveCfg = Debug|Any CPU
		{E8D446AA-8525-457D-9BBD-4ED77928DBFC}.Debug|Any CPU.Build.0 = Debug|Any CPU
		{E8D446AA-8525-457D-9BBD-4ED77928DBFC}.Debug|x64.ActiveCfg = Debug|Any CPU
		{E8D446AA-8525-457D-9BBD-4ED77928DBFC}.Debug|x64.Build.0 = Debug|Any CPU
		{E8D446AA-8525-457D-9BBD-4ED77928DBFC}.Debug|x86.ActiveCfg = Debug|Any CPU
		{E8D446AA-8525-457D-9BBD-4ED77928DBFC}.Debug|x86.Build.0 = Debug|Any CPU
		{E8D446AA-8525-457D-9BBD-4ED77928DBFC}.Release|Any CPU.ActiveCfg = Release|Any CPU
		{E8D446AA-8525-457D-9BBD-4ED77928DBFC}.Release|Any CPU.Build.0 = Release|Any CPU
		{E8D446AA-8525-457D-9BBD-4ED77928DBFC}.Release|x64.ActiveCfg = Release|Any CPU
		{E8D446AA-8525-457D-9BBD-4ED77928DBFC}.Release|x64.Build.0 = Release|Any CPU
		{E8D446AA-8525-457D-9BBD-4ED77928DBFC}.Release|x86.ActiveCfg = Release|Any CPU
		{E8D446AA-8525-457D-9BBD-4ED77928DBFC}.Release|x86.Build.0 = Release|Any CPU
		{8C95DA00-0822-4025-848D-A023B5ED6B45}.Debug|Any CPU.ActiveCfg = Debug|Any CPU
		{8C95DA00-0822-4025-848D-A023B5ED6B45}.Debug|Any CPU.Build.0 = Debug|Any CPU
		{8C95DA00-0822-4025-848D-A023B5ED6B45}.Debug|x64.ActiveCfg = Debug|Any CPU
		{8C95DA00-0822-4025-848D-A023B5ED6B45}.Debug|x64.Build.0 = Debug|Any CPU
		{8C95DA00-0822-4025-848D-A023B5ED6B45}.Debug|x86.ActiveCfg = Debug|Any CPU
		{8C95DA00-0822-4025-848D-A023B5ED6B45}.Debug|x86.Build.0 = Debug|Any CPU
		{8C95DA00-0822-4025-848D-A023B5ED6B45}.Release|Any CPU.ActiveCfg = Release|Any CPU
		{8C95DA00-0822-4025-848D-A023B5ED6B45}.Release|Any CPU.Build.0 = Release|Any CPU
		{8C95DA00-0822-4025-848D-A023B5ED6B45}.Release|x64.ActiveCfg = Release|Any CPU
		{8C95DA00-0822-4025-848D-A023B5ED6B45}.Release|x64.Build.0 = Release|Any CPU
		{8C95DA00-0822-4025-848D-A023B5ED6B45}.Release|x86.ActiveCfg = Release|Any CPU
		{8C95DA00-0822-4025-848D-A023B5ED6B45}.Release|x86.Build.0 = Release|Any CPU
		{8B2F052A-E58C-4922-AA30-669AACE37312}.Debug|Any CPU.ActiveCfg = Debug|Any CPU
		{8B2F052A-E58C-4922-AA30-669AACE37312}.Debug|Any CPU.Build.0 = Debug|Any CPU
		{8B2F052A-E58C-4922-AA30-669AACE37312}.Debug|x64.ActiveCfg = Debug|Any CPU
		{8B2F052A-E58C-4922-AA30-669AACE37312}.Debug|x64.Build.0 = Debug|Any CPU
		{8B2F052A-E58C-4922-AA30-669AACE37312}.Debug|x86.ActiveCfg = Debug|Any CPU
		{8B2F052A-E58C-4922-AA30-669AACE37312}.Debug|x86.Build.0 = Debug|Any CPU
		{8B2F052A-E58C-4922-AA30-669AACE37312}.Release|Any CPU.ActiveCfg = Release|Any CPU
		{8B2F052A-E58C-4922-AA30-669AACE37312}.Release|Any CPU.Build.0 = Release|Any CPU
		{8B2F052A-E58C-4922-AA30-669AACE37312}.Release|x64.ActiveCfg = Release|Any CPU
		{8B2F052A-E58C-4922-AA30-669AACE37312}.Release|x64.Build.0 = Release|Any CPU
		{8B2F052A-E58C-4922-AA30-669AACE37312}.Release|x86.ActiveCfg = Release|Any CPU
		{8B2F052A-E58C-4922-AA30-669AACE37312}.Release|x86.Build.0 = Release|Any CPU
		{56D94E92-9AE8-44F6-BCF5-C4D5E66AF586}.Debug|Any CPU.ActiveCfg = Debug|Any CPU
		{56D94E92-9AE8-44F6-BCF5-C4D5E66AF586}.Debug|Any CPU.Build.0 = Debug|Any CPU
		{56D94E92-9AE8-44F6-BCF5-C4D5E66AF586}.Debug|x64.ActiveCfg = Debug|Any CPU
		{56D94E92-9AE8-44F6-BCF5-C4D5E66AF586}.Debug|x64.Build.0 = Debug|Any CPU
		{56D94E92-9AE8-44F6-BCF5-C4D5E66AF586}.Debug|x86.ActiveCfg = Debug|Any CPU
		{56D94E92-9AE8-44F6-BCF5-C4D5E66AF586}.Debug|x86.Build.0 = Debug|Any CPU
		{56D94E92-9AE8-44F6-BCF5-C4D5E66AF586}.Release|Any CPU.ActiveCfg = Release|Any CPU
		{56D94E92-9AE8-44F6-BCF5-C4D5E66AF586}.Release|Any CPU.Build.0 = Release|Any CPU
		{56D94E92-9AE8-44F6-BCF5-C4D5E66AF586}.Release|x64.ActiveCfg = Release|Any CPU
		{56D94E92-9AE8-44F6-BCF5-C4D5E66AF586}.Release|x64.Build.0 = Release|Any CPU
		{56D94E92-9AE8-44F6-BCF5-C4D5E66AF586}.Release|x86.ActiveCfg = Release|Any CPU
		{56D94E92-9AE8-44F6-BCF5-C4D5E66AF586}.Release|x86.Build.0 = Release|Any CPU
		{06942D58-0372-4CF9-91F9-9697428BB656}.Debug|Any CPU.ActiveCfg = Debug|Any CPU
		{06942D58-0372-4CF9-91F9-9697428BB656}.Debug|Any CPU.Build.0 = Debug|Any CPU
		{06942D58-0372-4CF9-91F9-9697428BB656}.Debug|x64.ActiveCfg = Debug|Any CPU
		{06942D58-0372-4CF9-91F9-9697428BB656}.Debug|x64.Build.0 = Debug|Any CPU
		{06942D58-0372-4CF9-91F9-9697428BB656}.Debug|x86.ActiveCfg = Debug|Any CPU
		{06942D58-0372-4CF9-91F9-9697428BB656}.Debug|x86.Build.0 = Debug|Any CPU
		{06942D58-0372-4CF9-91F9-9697428BB656}.Release|Any CPU.ActiveCfg = Release|Any CPU
		{06942D58-0372-4CF9-91F9-9697428BB656}.Release|Any CPU.Build.0 = Release|Any CPU
		{06942D58-0372-4CF9-91F9-9697428BB656}.Release|x64.ActiveCfg = Release|Any CPU
		{06942D58-0372-4CF9-91F9-9697428BB656}.Release|x64.Build.0 = Release|Any CPU
		{06942D58-0372-4CF9-91F9-9697428BB656}.Release|x86.ActiveCfg = Release|Any CPU
		{06942D58-0372-4CF9-91F9-9697428BB656}.Release|x86.Build.0 = Release|Any CPU
		{F98CDF07-3E16-4E9F-8E56-39BF5E23D895}.Debug|Any CPU.ActiveCfg = Debug|Any CPU
		{F98CDF07-3E16-4E9F-8E56-39BF5E23D895}.Debug|Any CPU.Build.0 = Debug|Any CPU
		{F98CDF07-3E16-4E9F-8E56-39BF5E23D895}.Debug|x64.ActiveCfg = Debug|Any CPU
		{F98CDF07-3E16-4E9F-8E56-39BF5E23D895}.Debug|x64.Build.0 = Debug|Any CPU
		{F98CDF07-3E16-4E9F-8E56-39BF5E23D895}.Debug|x86.ActiveCfg = Debug|Any CPU
		{F98CDF07-3E16-4E9F-8E56-39BF5E23D895}.Debug|x86.Build.0 = Debug|Any CPU
		{F98CDF07-3E16-4E9F-8E56-39BF5E23D895}.Release|Any CPU.ActiveCfg = Release|Any CPU
		{F98CDF07-3E16-4E9F-8E56-39BF5E23D895}.Release|Any CPU.Build.0 = Release|Any CPU
		{F98CDF07-3E16-4E9F-8E56-39BF5E23D895}.Release|x64.ActiveCfg = Release|Any CPU
		{F98CDF07-3E16-4E9F-8E56-39BF5E23D895}.Release|x64.Build.0 = Release|Any CPU
		{F98CDF07-3E16-4E9F-8E56-39BF5E23D895}.Release|x86.ActiveCfg = Release|Any CPU
		{F98CDF07-3E16-4E9F-8E56-39BF5E23D895}.Release|x86.Build.0 = Release|Any CPU
	EndGlobalSection
	GlobalSection(SolutionProperties) = preSolution
		HideSolutionNode = FALSE
	EndGlobalSection
	GlobalSection(NestedProjects) = preSolution
		{40026F49-234E-43D7-8A2F-1A8EB8AE0A02} = {827E0CD3-B72D-47B6-A68D-7590B98EB39B}
		{04E0ED87-4AE0-45C8-A2CD-723A9724A77D} = {827E0CD3-B72D-47B6-A68D-7590B98EB39B}
		{E337AB49-F317-44F5-9089-69D3BC32EEA0} = {827E0CD3-B72D-47B6-A68D-7590B98EB39B}
		{E8D446AA-8525-457D-9BBD-4ED77928DBFC} = {827E0CD3-B72D-47B6-A68D-7590B98EB39B}
		{8C95DA00-0822-4025-848D-A023B5ED6B45} = {827E0CD3-B72D-47B6-A68D-7590B98EB39B}
		{8B2F052A-E58C-4922-AA30-669AACE37312} = {0AB3BF05-4346-4AA6-1389-037BE0695223}
		{56D94E92-9AE8-44F6-BCF5-C4D5E66AF586} = {0AB3BF05-4346-4AA6-1389-037BE0695223}
		{06942D58-0372-4CF9-91F9-9697428BB656} = {0AB3BF05-4346-4AA6-1389-037BE0695223}
		{F98CDF07-3E16-4E9F-8E56-39BF5E23D895} = {0AB3BF05-4346-4AA6-1389-037BE0695223}
	EndGlobalSection
EndGlobal
